
Microsoft Visual Studio Solution File, Format Version 12.00
# Visual Studio Version 16
VisualStudioVersion = 16.0.31515.178
MinimumVisualStudioVersion = 10.0.40219.1
Project("{FAE04EC0-301F-11D3-BF4B-00C04F79EFBC}") = "csharp-src", "csharp-src\csharp-src.csproj", "{AC45B833-8DA8-41D8-B4C7-59A9F2E8FC97}"
EndProject
Global
	GlobalSection(SolutionConfigurationPlatforms) = preSolution
		Debug|Any CPU = Debug|Any CPU
		Release|Any CPU = Release|Any CPU
	EndGlobalSection
	GlobalSection(ProjectConfigurationPlatforms) = postSolution
		{AC45B833-8DA8-41D8-B4C7-59A9F2E8FC97}.Debug|Any CPU.ActiveCfg = Debug|Any CPU
		{AC45B833-8DA8-41D8-B4C7-59A9F2E8FC97}.Debug|Any CPU.Build.0 = Debug|Any CPU
		{AC45B833-8DA8-41D8-B4C7-59A9F2E8FC97}.Release|Any CPU.ActiveCfg = Release|Any CPU
		{AC45B833-8DA8-41D8-B4C7-59A9F2E8FC97}.Release|Any CPU.Build.0 = Release|Any CPU
	EndGlobalSection
	GlobalSection(SolutionProperties) = preSolution
		HideSolutionNode = FALSE
	EndGlobalSection
	GlobalSection(ExtensibilityGlobals) = postSolution
		SolutionGuid = {3F220060-5A21-449E-B08A-3F20CE9FD705}
	EndGlobalSection
EndGlobal
